
Microsoft Visual Studio Solution File, Format Version 12.00
# Visual Studio Version 17
VisualStudioVersion = 17.0.32112.339
MinimumVisualStudioVersion = 10.0.40219.1
Project("{9A19103F-16F7-4668-BE54-9A1E7A4F7556}") = "VismaCase", "VismaCase\VismaCase.csproj", "{908AF617-D617-43C6-A459-EF39C557C7A2}"
EndProject
Project("{9A19103F-16F7-4668-BE54-9A1E7A4F7556}") = "VismaCaseClassLibrary", "VismaCaseClassLibrary\VismaCaseClassLibrary.csproj", "{ADFC1D97-0661-4AFC-BD46-17CFA6194878}"
EndProject
Global
	GlobalSection(SolutionConfigurationPlatforms) = preSolution
		Debug|Any CPU = Debug|Any CPU
		Release|Any CPU = Release|Any CPU
	EndGlobalSection
	GlobalSection(ProjectConfigurationPlatforms) = postSolution
		{908AF617-D617-43C6-A459-EF39C557C7A2}.Debug|Any CPU.ActiveCfg = Debug|Any CPU
		{908AF617-D617-43C6-A459-EF39C557C7A2}.Debug|Any CPU.Build.0 = Debug|Any CPU
		{908AF617-D617-43C6-A459-EF39C557C7A2}.Release|Any CPU.ActiveCfg = Release|Any CPU
		{908AF617-D617-43C6-A459-EF39C557C7A2}.Release|Any CPU.Build.0 = Release|Any CPU
		{ADFC1D97-0661-4AFC-BD46-17CFA6194878}.Debug|Any CPU.ActiveCfg = Debug|Any CPU
		{ADFC1D97-0661-4AFC-BD46-17CFA6194878}.Debug|Any CPU.Build.0 = Debug|Any CPU
		{ADFC1D97-0661-4AFC-BD46-17CFA6194878}.Release|Any CPU.ActiveCfg = Release|Any CPU
		{ADFC1D97-0661-4AFC-BD46-17CFA6194878}.Release|Any CPU.Build.0 = Release|Any CPU
	EndGlobalSection
	GlobalSection(SolutionProperties) = preSolution
		HideSolutionNode = FALSE
	EndGlobalSection
	GlobalSection(ExtensibilityGlobals) = postSolution
		SolutionGuid = {450CD91C-586F-4791-A548-5EDC6947E226}
	EndGlobalSection
EndGlobal
